// !$*UTF8*$!
{
	archiveVersion = 1;
	classes = {
	};
	objectVersion = 46;
	objects = {

/* Begin PBXBuildFile section */
		13B07FBC1A68108700A75B9A /* AppDelegate.m in Sources */ = {isa = PBXBuildFile; fileRef = 13B07FB01A68108700A75B9A /* AppDelegate.m */; };
		13B07FBD1A68108700A75B9A /* LaunchScreen.xib in Resources */ = {isa = PBXBuildFile; fileRef = 13B07FB11A68108700A75B9A /* LaunchScreen.xib */; };
		13B07FBF1A68108700A75B9A /* Images.xcassets in Resources */ = {isa = PBXBuildFile; fileRef = 13B07FB51A68108700A75B9A /* Images.xcassets */; };
		13B07FC11A68108700A75B9A /* main.m in Sources */ = {isa = PBXBuildFile; fileRef = 13B07FB71A68108700A75B9A /* main.m */; };
		185A526680C7416F851E7AAE /* MaterialCommunityIcons.ttf in Resources */ = {isa = PBXBuildFile; fileRef = 1D04B38593AE4BDFAE2BD874 /* MaterialCommunityIcons.ttf */; };
		52460477816D4F93BF1939D3 /* rubicon-icon-font.ttf in Resources */ = {isa = PBXBuildFile; fileRef = 3DEABD0D8EEF471997D9A6F1 /* rubicon-icon-font.ttf */; };
		5E84CF5F695A4B65AB108D23 /* FontAwesome.ttf in Resources */ = {isa = PBXBuildFile; fileRef = A218667AF3D846ECB68367DB /* FontAwesome.ttf */; };
		63A19076C77B493BA9EA3314 /* Feather.ttf in Resources */ = {isa = PBXBuildFile; fileRef = 30DE40F6BA694666BFF93E60 /* Feather.ttf */; };
		66B8AC979069438DB13DF5FF /* Octicons.ttf in Resources */ = {isa = PBXBuildFile; fileRef = 77D2005FA3C44A8B998055AB /* Octicons.ttf */; };
		866E836C32344A6682263522 /* Roboto.ttf in Resources */ = {isa = PBXBuildFile; fileRef = 8A6A06BA7EBF47DA9C7A7093 /* Roboto.ttf */; };
		9301464F554444819739ABA7 /* MaterialIcons.ttf in Resources */ = {isa = PBXBuildFile; fileRef = 0724E7986D6C447CACEF4DBD /* MaterialIcons.ttf */; };
		9CF9E28231DE4E10A14A8E15 /* Entypo.ttf in Resources */ = {isa = PBXBuildFile; fileRef = 0073C33BA9EF4E669C1DBCDB /* Entypo.ttf */; };
		A10920EB947A08628374BE2D /* Pods_CybavoWalletExample.framework in Frameworks */ = {isa = PBXBuildFile; fileRef = FF2BAA287F1D4F1609816081 /* Pods_CybavoWalletExample.framework */; };
		A8BB84D3808A4FCA9AB669B0 /* SimpleLineIcons.ttf in Resources */ = {isa = PBXBuildFile; fileRef = 596E19BCE6524CA58F2BEBF6 /* SimpleLineIcons.ttf */; };
		B6505CFA92AF4951B4016198 /* Foundation.ttf in Resources */ = {isa = PBXBuildFile; fileRef = 8AFEC0686398435EB9156505 /* Foundation.ttf */; };
		BF520CAFB2384BF69FF756CF /* FontAwesome5_Brands.ttf in Resources */ = {isa = PBXBuildFile; fileRef = CC1C621B163747ECA689DDF7 /* FontAwesome5_Brands.ttf */; };
		BF7F25DD2251E49A003A9DAE /* GoogleService-Info.plist in Resources */ = {isa = PBXBuildFile; fileRef = BF7F25DC2251E499003A9DAE /* GoogleService-Info.plist */; };
		BF7F6C1B23657CF5009B1A00 /* PinInputView.nib in Resources */ = {isa = PBXBuildFile; fileRef = BF7F6C1A23657CF5009B1A00 /* PinInputView.nib */; };
		BFA45E9F23277A030055EE7B /* CybavoWalletExample.swift in Sources */ = {isa = PBXBuildFile; fileRef = BFA45E9E23277A030055EE7B /* CybavoWalletExample.swift */; };
		BFDAF8A822545A4500CD1801 /* SystemConfiguration.framework in Frameworks */ = {isa = PBXBuildFile; fileRef = BFDAF8A522545A4500CD1801 /* SystemConfiguration.framework */; };
		BFDAF8AA22545A4D00CD1801 /* CoreTelephony.framework in Frameworks */ = {isa = PBXBuildFile; fileRef = BFDAF8A922545A4D00CD1801 /* CoreTelephony.framework */; };
		BFDAF8AC22545A5500CD1801 /* libsqlite3.0.tbd in Frameworks */ = {isa = PBXBuildFile; fileRef = BFDAF8AB22545A5500CD1801 /* libsqlite3.0.tbd */; };
		BFDAF8AE22545A6200CD1801 /* libc++.tbd in Frameworks */ = {isa = PBXBuildFile; fileRef = BFDAF8AD22545A6200CD1801 /* libc++.tbd */; };
		BFDAF8B022545A6A00CD1801 /* libz.tbd in Frameworks */ = {isa = PBXBuildFile; fileRef = BFDAF8AF22545A6A00CD1801 /* libz.tbd */; };
		BFE7C5202279ADC80065BE32 /* LineSDK.framework in Frameworks */ = {isa = PBXBuildFile; fileRef = BFE7C51F2279ADC80065BE32 /* LineSDK.framework */; };
		BFE7C5232279ADDE0065BE32 /* Security.framework in Frameworks */ = {isa = PBXBuildFile; fileRef = BFE7C5222279ADDE0065BE32 /* Security.framework */; };
		BFE7C5392279AFDA0065BE32 /* LineLoginManager.m in Sources */ = {isa = PBXBuildFile; fileRef = BFE7C5382279AFDA0065BE32 /* LineLoginManager.m */; };
		C33B358384F64CB897C99460 /* FontAwesome5_Regular.ttf in Resources */ = {isa = PBXBuildFile; fileRef = 5C0D9F4FD2B0490FB203EE74 /* FontAwesome5_Regular.ttf */; };
		CBAA5DC82AD649D29A043EA4 /* EvilIcons.ttf in Resources */ = {isa = PBXBuildFile; fileRef = 37F5F8AB16AB49B0B7A00784 /* EvilIcons.ttf */; };
		DBA91F99FA4E4F2596DFB8B5 /* FontAwesome5_Solid.ttf in Resources */ = {isa = PBXBuildFile; fileRef = C8542C09D1EA4530B6BB25CB /* FontAwesome5_Solid.ttf */; };
		E3FC501826814E05A731E60C /* Ionicons.ttf in Resources */ = {isa = PBXBuildFile; fileRef = A2FEC57EA33A44A2AD2F9299 /* Ionicons.ttf */; };
		EB600E18A2CF4E74A1C0DAA0 /* Zocial.ttf in Resources */ = {isa = PBXBuildFile; fileRef = FEC9F220361641DCB9B18A89 /* Zocial.ttf */; };
		ED1D301263CB4681A5C52389 /* Roboto_medium.ttf in Resources */ = {isa = PBXBuildFile; fileRef = BA603892E3B64D8988F0619D /* Roboto_medium.ttf */; };
		ED297163215061F000B7C4FE /* JavaScriptCore.framework in Frameworks */ = {isa = PBXBuildFile; fileRef = ED297162215061F000B7C4FE /* JavaScriptCore.framework */; };
		EE5F38A2ECC842D3A3C9FF08 /* AntDesign.ttf in Resources */ = {isa = PBXBuildFile; fileRef = B7B8495EFE03487F811A72D2 /* AntDesign.ttf */; };
/* End PBXBuildFile section */

/* Begin PBXContainerItemProxy section */
		A6C354CA2373EB0700071E81 /* PBXContainerItemProxy */ = {
			isa = PBXContainerItemProxy;
			containerPortal = A6C354C62373EB0700071E81 /* PushNotificationIOS.xcodeproj */;
			proxyType = 2;
			remoteGlobalIDString = 9B97F66B220DEC6000B61540;
			remoteInfo = RNCPushNotificationIOS;
		};
/* End PBXContainerItemProxy section */

/* Begin PBXFileReference section */
		0073C33BA9EF4E669C1DBCDB /* Entypo.ttf */ = {isa = PBXFileReference; explicitFileType = undefined; fileEncoding = 9; includeInIndex = 0; lastKnownFileType = unknown; name = Entypo.ttf; path = "../node_modules/native-base/Fonts/Entypo.ttf"; sourceTree = "<group>"; };
		008F07F21AC5B25A0029DE68 /* main.jsbundle */ = {isa = PBXFileReference; fileEncoding = 4; lastKnownFileType = text; path = main.jsbundle; sourceTree = "<group>"; };
		00E356F11AD99517003FC87E /* Info.plist */ = {isa = PBXFileReference; lastKnownFileType = text.plist.xml; path = Info.plist; sourceTree = "<group>"; };
		00E356F21AD99517003FC87E /* CybavoWalletExampleTests.m */ = {isa = PBXFileReference; lastKnownFileType = sourcecode.c.objc; path = CybavoWalletExampleTests.m; sourceTree = "<group>"; };
		0724E7986D6C447CACEF4DBD /* MaterialIcons.ttf */ = {isa = PBXFileReference; explicitFileType = undefined; fileEncoding = 9; includeInIndex = 0; lastKnownFileType = unknown; name = MaterialIcons.ttf; path = "../node_modules/native-base/Fonts/MaterialIcons.ttf"; sourceTree = "<group>"; };
		13B07F961A680F5B00A75B9A /* CybavoWalletExample.app */ = {isa = PBXFileReference; explicitFileType = wrapper.application; includeInIndex = 0; path = CybavoWalletExample.app; sourceTree = BUILT_PRODUCTS_DIR; };
		13B07FAF1A68108700A75B9A /* AppDelegate.h */ = {isa = PBXFileReference; fileEncoding = 4; lastKnownFileType = sourcecode.c.h; name = AppDelegate.h; path = CybavoWalletExample/AppDelegate.h; sourceTree = "<group>"; };
		13B07FB01A68108700A75B9A /* AppDelegate.m */ = {isa = PBXFileReference; fileEncoding = 4; lastKnownFileType = sourcecode.c.objc; name = AppDelegate.m; path = CybavoWalletExample/AppDelegate.m; sourceTree = "<group>"; };
		13B07FB21A68108700A75B9A /* Base */ = {isa = PBXFileReference; lastKnownFileType = file.xib; name = Base; path = Base.lproj/LaunchScreen.xib; sourceTree = "<group>"; };
		13B07FB51A68108700A75B9A /* Images.xcassets */ = {isa = PBXFileReference; lastKnownFileType = folder.assetcatalog; name = Images.xcassets; path = CybavoWalletExample/Images.xcassets; sourceTree = "<group>"; };
		13B07FB61A68108700A75B9A /* Info.plist */ = {isa = PBXFileReference; fileEncoding = 4; lastKnownFileType = text.plist.xml; name = Info.plist; path = CybavoWalletExample/Info.plist; sourceTree = "<group>"; };
		13B07FB71A68108700A75B9A /* main.m */ = {isa = PBXFileReference; fileEncoding = 4; lastKnownFileType = sourcecode.c.objc; name = main.m; path = CybavoWalletExample/main.m; sourceTree = "<group>"; };
		1D04B38593AE4BDFAE2BD874 /* MaterialCommunityIcons.ttf */ = {isa = PBXFileReference; explicitFileType = undefined; fileEncoding = 9; includeInIndex = 0; lastKnownFileType = unknown; name = MaterialCommunityIcons.ttf; path = "../node_modules/native-base/Fonts/MaterialCommunityIcons.ttf"; sourceTree = "<group>"; };
		212C63780B54469A8277343A /* libRNGoogleSignin.a */ = {isa = PBXFileReference; explicitFileType = undefined; fileEncoding = 9; includeInIndex = 0; lastKnownFileType = archive.ar; path = libRNGoogleSignin.a; sourceTree = "<group>"; };
		269FE6F26109F655854C269F /* Pods-CybavoWalletExample.release.xcconfig */ = {isa = PBXFileReference; includeInIndex = 1; lastKnownFileType = text.xcconfig; name = "Pods-CybavoWalletExample.release.xcconfig"; path = "Pods/Target Support Files/Pods-CybavoWalletExample/Pods-CybavoWalletExample.release.xcconfig"; sourceTree = "<group>"; };
		2D16E6891FA4F8E400B85C8A /* libReact.a */ = {isa = PBXFileReference; explicitFileType = archive.ar; path = libReact.a; sourceTree = BUILT_PRODUCTS_DIR; };
		30DE40F6BA694666BFF93E60 /* Feather.ttf */ = {isa = PBXFileReference; explicitFileType = undefined; fileEncoding = 9; includeInIndex = 0; lastKnownFileType = unknown; name = Feather.ttf; path = "../node_modules/native-base/Fonts/Feather.ttf"; sourceTree = "<group>"; };
		37F5F8AB16AB49B0B7A00784 /* EvilIcons.ttf */ = {isa = PBXFileReference; explicitFileType = undefined; fileEncoding = 9; includeInIndex = 0; lastKnownFileType = unknown; name = EvilIcons.ttf; path = "../node_modules/native-base/Fonts/EvilIcons.ttf"; sourceTree = "<group>"; };
		3DEABD0D8EEF471997D9A6F1 /* rubicon-icon-font.ttf */ = {isa = PBXFileReference; explicitFileType = undefined; fileEncoding = 9; includeInIndex = 0; lastKnownFileType = unknown; name = "rubicon-icon-font.ttf"; path = "../node_modules/native-base/Fonts/rubicon-icon-font.ttf"; sourceTree = "<group>"; };
		596E19BCE6524CA58F2BEBF6 /* SimpleLineIcons.ttf */ = {isa = PBXFileReference; explicitFileType = undefined; fileEncoding = 9; includeInIndex = 0; lastKnownFileType = unknown; name = SimpleLineIcons.ttf; path = "../node_modules/native-base/Fonts/SimpleLineIcons.ttf"; sourceTree = "<group>"; };
		5C0D9F4FD2B0490FB203EE74 /* FontAwesome5_Regular.ttf */ = {isa = PBXFileReference; explicitFileType = undefined; fileEncoding = 9; includeInIndex = 0; lastKnownFileType = unknown; name = FontAwesome5_Regular.ttf; path = "../node_modules/native-base/Fonts/FontAwesome5_Regular.ttf"; sourceTree = "<group>"; };
		5CF5E4D8150A4D6D987084CD /* RCTWeChatTests.xctest */ = {isa = PBXFileReference; explicitFileType = undefined; fileEncoding = 9; includeInIndex = 0; lastKnownFileType = wrapper.cfbundle; path = RCTWeChatTests.xctest; sourceTree = "<group>"; };
		60CF3BB30D69493AAD71EAF1 /* libCybavoWalletService.a */ = {isa = PBXFileReference; explicitFileType = undefined; fileEncoding = 9; includeInIndex = 0; lastKnownFileType = archive.ar; path = libCybavoWalletService.a; sourceTree = "<group>"; };
		77D2005FA3C44A8B998055AB /* Octicons.ttf */ = {isa = PBXFileReference; explicitFileType = undefined; fileEncoding = 9; includeInIndex = 0; lastKnownFileType = unknown; name = Octicons.ttf; path = "../node_modules/native-base/Fonts/Octicons.ttf"; sourceTree = "<group>"; };
		8A6A06BA7EBF47DA9C7A7093 /* Roboto.ttf */ = {isa = PBXFileReference; explicitFileType = undefined; fileEncoding = 9; includeInIndex = 0; lastKnownFileType = unknown; name = Roboto.ttf; path = "../node_modules/native-base/Fonts/Roboto.ttf"; sourceTree = "<group>"; };
		8AFEC0686398435EB9156505 /* Foundation.ttf */ = {isa = PBXFileReference; explicitFileType = undefined; fileEncoding = 9; includeInIndex = 0; lastKnownFileType = unknown; name = Foundation.ttf; path = "../node_modules/native-base/Fonts/Foundation.ttf"; sourceTree = "<group>"; };
		A218667AF3D846ECB68367DB /* FontAwesome.ttf */ = {isa = PBXFileReference; explicitFileType = undefined; fileEncoding = 9; includeInIndex = 0; lastKnownFileType = unknown; name = FontAwesome.ttf; path = "../node_modules/native-base/Fonts/FontAwesome.ttf"; sourceTree = "<group>"; };
		A2FEC57EA33A44A2AD2F9299 /* Ionicons.ttf */ = {isa = PBXFileReference; explicitFileType = undefined; fileEncoding = 9; includeInIndex = 0; lastKnownFileType = unknown; name = Ionicons.ttf; path = "../node_modules/native-base/Fonts/Ionicons.ttf"; sourceTree = "<group>"; };
		A6C354C62373EB0700071E81 /* PushNotificationIOS.xcodeproj */ = {isa = PBXFileReference; lastKnownFileType = "wrapper.pb-project"; name = PushNotificationIOS.xcodeproj; path = "../node_modules/@react-native-community/push-notification-ios/ios/PushNotificationIOS.xcodeproj"; sourceTree = "<group>"; };
		A6C354EC2373F12B00071E81 /* CybavoWalletExampleRelease.entitlements */ = {isa = PBXFileReference; lastKnownFileType = text.plist.entitlements; name = CybavoWalletExampleRelease.entitlements; path = CybavoWalletExample/CybavoWalletExampleRelease.entitlements; sourceTree = "<group>"; };
		A6C354ED2373F1D800071E81 /* CybavoWalletExampleDebug.entitlements */ = {isa = PBXFileReference; lastKnownFileType = text.plist.entitlements; name = CybavoWalletExampleDebug.entitlements; path = CybavoWalletExample/CybavoWalletExampleDebug.entitlements; sourceTree = "<group>"; };
		B7B8495EFE03487F811A72D2 /* AntDesign.ttf */ = {isa = PBXFileReference; explicitFileType = undefined; fileEncoding = 9; includeInIndex = 0; lastKnownFileType = unknown; name = AntDesign.ttf; path = "../node_modules/native-base/Fonts/AntDesign.ttf"; sourceTree = "<group>"; };
		BA603892E3B64D8988F0619D /* Roboto_medium.ttf */ = {isa = PBXFileReference; explicitFileType = undefined; fileEncoding = 9; includeInIndex = 0; lastKnownFileType = unknown; name = Roboto_medium.ttf; path = "../node_modules/native-base/Fonts/Roboto_medium.ttf"; sourceTree = "<group>"; };
		BF7F25DC2251E499003A9DAE /* GoogleService-Info.plist */ = {isa = PBXFileReference; fileEncoding = 4; lastKnownFileType = text.plist.xml; path = "GoogleService-Info.plist"; sourceTree = "<group>"; };
		BF7F6C1A23657CF5009B1A00 /* PinInputView.nib */ = {isa = PBXFileReference; lastKnownFileType = wrapper.nib; path = PinInputView.nib; sourceTree = "<group>"; };
		BFA45E9D23277A030055EE7B /* CybavoWalletExample-Bridging-Header.h */ = {isa = PBXFileReference; lastKnownFileType = sourcecode.c.h; path = "CybavoWalletExample-Bridging-Header.h"; sourceTree = "<group>"; };
		BFA45E9E23277A030055EE7B /* CybavoWalletExample.swift */ = {isa = PBXFileReference; lastKnownFileType = sourcecode.swift; path = CybavoWalletExample.swift; sourceTree = "<group>"; };
		BFDAF8A522545A4500CD1801 /* SystemConfiguration.framework */ = {isa = PBXFileReference; lastKnownFileType = wrapper.framework; name = SystemConfiguration.framework; path = System/Library/Frameworks/SystemConfiguration.framework; sourceTree = SDKROOT; };
		BFDAF8A922545A4D00CD1801 /* CoreTelephony.framework */ = {isa = PBXFileReference; lastKnownFileType = wrapper.framework; name = CoreTelephony.framework; path = System/Library/Frameworks/CoreTelephony.framework; sourceTree = SDKROOT; };
		BFDAF8AB22545A5500CD1801 /* libsqlite3.0.tbd */ = {isa = PBXFileReference; lastKnownFileType = "sourcecode.text-based-dylib-definition"; name = libsqlite3.0.tbd; path = usr/lib/libsqlite3.0.tbd; sourceTree = SDKROOT; };
		BFDAF8AD22545A6200CD1801 /* libc++.tbd */ = {isa = PBXFileReference; lastKnownFileType = "sourcecode.text-based-dylib-definition"; name = "libc++.tbd"; path = "usr/lib/libc++.tbd"; sourceTree = SDKROOT; };
		BFDAF8AF22545A6A00CD1801 /* libz.tbd */ = {isa = PBXFileReference; lastKnownFileType = "sourcecode.text-based-dylib-definition"; name = libz.tbd; path = usr/lib/libz.tbd; sourceTree = SDKROOT; };
		BFE7C51F2279ADC80065BE32 /* LineSDK.framework */ = {isa = PBXFileReference; lastKnownFileType = wrapper.framework; name = LineSDK.framework; path = Pods/LineSDK/LineSDK/LineSDK.framework; sourceTree = "<group>"; };
		BFE7C5222279ADDE0065BE32 /* Security.framework */ = {isa = PBXFileReference; lastKnownFileType = wrapper.framework; name = Security.framework; path = System/Library/Frameworks/Security.framework; sourceTree = SDKROOT; };
		BFE7C5372279AFDA0065BE32 /* LineLoginManager.h */ = {isa = PBXFileReference; fileEncoding = 4; lastKnownFileType = sourcecode.c.h; name = LineLoginManager.h; path = CybavoWalletExample/LineLoginManager.h; sourceTree = "<group>"; };
		BFE7C5382279AFDA0065BE32 /* LineLoginManager.m */ = {isa = PBXFileReference; fileEncoding = 4; lastKnownFileType = sourcecode.c.objc; name = LineLoginManager.m; path = CybavoWalletExample/LineLoginManager.m; sourceTree = "<group>"; };
		C8542C09D1EA4530B6BB25CB /* FontAwesome5_Solid.ttf */ = {isa = PBXFileReference; explicitFileType = undefined; fileEncoding = 9; includeInIndex = 0; lastKnownFileType = unknown; name = FontAwesome5_Solid.ttf; path = "../node_modules/native-base/Fonts/FontAwesome5_Solid.ttf"; sourceTree = "<group>"; };
		CC1C621B163747ECA689DDF7 /* FontAwesome5_Brands.ttf */ = {isa = PBXFileReference; explicitFileType = undefined; fileEncoding = 9; includeInIndex = 0; lastKnownFileType = unknown; name = FontAwesome5_Brands.ttf; path = "../node_modules/native-base/Fonts/FontAwesome5_Brands.ttf"; sourceTree = "<group>"; };
		EA26C47C83934383800EFB19 /* libRCTWeChat.a */ = {isa = PBXFileReference; explicitFileType = undefined; fileEncoding = 9; includeInIndex = 0; lastKnownFileType = archive.ar; path = libRCTWeChat.a; sourceTree = "<group>"; };
		ED297162215061F000B7C4FE /* JavaScriptCore.framework */ = {isa = PBXFileReference; lastKnownFileType = wrapper.framework; name = JavaScriptCore.framework; path = System/Library/Frameworks/JavaScriptCore.framework; sourceTree = SDKROOT; };
		F571EA7AE711FFF1B55F9268 /* Pods-CybavoWalletExample.debug.xcconfig */ = {isa = PBXFileReference; includeInIndex = 1; lastKnownFileType = text.xcconfig; name = "Pods-CybavoWalletExample.debug.xcconfig"; path = "Pods/Target Support Files/Pods-CybavoWalletExample/Pods-CybavoWalletExample.debug.xcconfig"; sourceTree = "<group>"; };
		FEC9F220361641DCB9B18A89 /* Zocial.ttf */ = {isa = PBXFileReference; explicitFileType = undefined; fileEncoding = 9; includeInIndex = 0; lastKnownFileType = unknown; name = Zocial.ttf; path = "../node_modules/native-base/Fonts/Zocial.ttf"; sourceTree = "<group>"; };
		FF2BAA287F1D4F1609816081 /* Pods_CybavoWalletExample.framework */ = {isa = PBXFileReference; explicitFileType = wrapper.framework; includeInIndex = 0; path = Pods_CybavoWalletExample.framework; sourceTree = BUILT_PRODUCTS_DIR; };
/* End PBXFileReference section */

/* Begin PBXFrameworksBuildPhase section */
		13B07F8C1A680F5B00A75B9A /* Frameworks */ = {
			isa = PBXFrameworksBuildPhase;
			buildActionMask = 2147483647;
			files = (
				BFE7C5232279ADDE0065BE32 /* Security.framework in Frameworks */,
				BFDAF8B022545A6A00CD1801 /* libz.tbd in Frameworks */,
				BFDAF8AE22545A6200CD1801 /* libc++.tbd in Frameworks */,
				BFDAF8AC22545A5500CD1801 /* libsqlite3.0.tbd in Frameworks */,
				BFDAF8AA22545A4D00CD1801 /* CoreTelephony.framework in Frameworks */,
				BFDAF8A822545A4500CD1801 /* SystemConfiguration.framework in Frameworks */,
				ED297163215061F000B7C4FE /* JavaScriptCore.framework in Frameworks */,
				BFE7C5202279ADC80065BE32 /* LineSDK.framework in Frameworks */,
				A10920EB947A08628374BE2D /* Pods_CybavoWalletExample.framework in Frameworks */,
			);
			runOnlyForDeploymentPostprocessing = 0;
		};
/* End PBXFrameworksBuildPhase section */

/* Begin PBXGroup section */
		00E356EF1AD99517003FC87E /* CybavoWalletExampleTests */ = {
			isa = PBXGroup;
			children = (
				00E356F21AD99517003FC87E /* CybavoWalletExampleTests.m */,
				00E356F01AD99517003FC87E /* Supporting Files */,
			);
			path = CybavoWalletExampleTests;
			sourceTree = "<group>";
		};
		00E356F01AD99517003FC87E /* Supporting Files */ = {
			isa = PBXGroup;
			children = (
				00E356F11AD99517003FC87E /* Info.plist */,
			);
			name = "Supporting Files";
			sourceTree = "<group>";
		};
		13B07FAE1A68108700A75B9A /* CybavoWalletExample */ = {
			isa = PBXGroup;
			children = (
				A6C354ED2373F1D800071E81 /* CybavoWalletExampleDebug.entitlements */,
				A6C354EC2373F12B00071E81 /* CybavoWalletExampleRelease.entitlements */,
				BF7F6C1A23657CF5009B1A00 /* PinInputView.nib */,
				BFE7C5372279AFDA0065BE32 /* LineLoginManager.h */,
				BFE7C5382279AFDA0065BE32 /* LineLoginManager.m */,
				BF7F25DC2251E499003A9DAE /* GoogleService-Info.plist */,
				008F07F21AC5B25A0029DE68 /* main.jsbundle */,
				13B07FAF1A68108700A75B9A /* AppDelegate.h */,
				13B07FB01A68108700A75B9A /* AppDelegate.m */,
				13B07FB51A68108700A75B9A /* Images.xcassets */,
				13B07FB61A68108700A75B9A /* Info.plist */,
				13B07FB11A68108700A75B9A /* LaunchScreen.xib */,
				13B07FB71A68108700A75B9A /* main.m */,
				BFA45E9E23277A030055EE7B /* CybavoWalletExample.swift */,
				BFA45E9D23277A030055EE7B /* CybavoWalletExample-Bridging-Header.h */,
			);
			name = CybavoWalletExample;
			sourceTree = "<group>";
		};
		2D16E6871FA4F8E400B85C8A /* Frameworks */ = {
			isa = PBXGroup;
			children = (
				BFE7C5222279ADDE0065BE32 /* Security.framework */,
				BFDAF8AF22545A6A00CD1801 /* libz.tbd */,
				BFDAF8AD22545A6200CD1801 /* libc++.tbd */,
				BFDAF8AB22545A5500CD1801 /* libsqlite3.0.tbd */,
				BFDAF8A922545A4D00CD1801 /* CoreTelephony.framework */,
				BFDAF8A522545A4500CD1801 /* SystemConfiguration.framework */,
				ED297162215061F000B7C4FE /* JavaScriptCore.framework */,
				BFE7C51F2279ADC80065BE32 /* LineSDK.framework */,
				2D16E6891FA4F8E400B85C8A /* libReact.a */,
				FF2BAA287F1D4F1609816081 /* Pods_CybavoWalletExample.framework */,
			);
			name = Frameworks;
			sourceTree = "<group>";
		};
		80BBED2DD7A3482994379AF8 /* Resources */ = {
			isa = PBXGroup;
			children = (
				B7B8495EFE03487F811A72D2 /* AntDesign.ttf */,
				0073C33BA9EF4E669C1DBCDB /* Entypo.ttf */,
				37F5F8AB16AB49B0B7A00784 /* EvilIcons.ttf */,
				30DE40F6BA694666BFF93E60 /* Feather.ttf */,
				A218667AF3D846ECB68367DB /* FontAwesome.ttf */,
				CC1C621B163747ECA689DDF7 /* FontAwesome5_Brands.ttf */,
				5C0D9F4FD2B0490FB203EE74 /* FontAwesome5_Regular.ttf */,
				C8542C09D1EA4530B6BB25CB /* FontAwesome5_Solid.ttf */,
				8AFEC0686398435EB9156505 /* Foundation.ttf */,
				A2FEC57EA33A44A2AD2F9299 /* Ionicons.ttf */,
				1D04B38593AE4BDFAE2BD874 /* MaterialCommunityIcons.ttf */,
				0724E7986D6C447CACEF4DBD /* MaterialIcons.ttf */,
				77D2005FA3C44A8B998055AB /* Octicons.ttf */,
				BA603892E3B64D8988F0619D /* Roboto_medium.ttf */,
				8A6A06BA7EBF47DA9C7A7093 /* Roboto.ttf */,
				3DEABD0D8EEF471997D9A6F1 /* rubicon-icon-font.ttf */,
				596E19BCE6524CA58F2BEBF6 /* SimpleLineIcons.ttf */,
				FEC9F220361641DCB9B18A89 /* Zocial.ttf */,
			);
			name = Resources;
			sourceTree = "<group>";
		};
		832341AE1AAA6A7D00B99B32 /* Libraries */ = {
			isa = PBXGroup;
			children = (
				A6C354C62373EB0700071E81 /* PushNotificationIOS.xcodeproj */,
			);
			name = Libraries;
			sourceTree = "<group>";
		};
		83CBB9F61A601CBA00E9B192 = {
			isa = PBXGroup;
			children = (
				13B07FAE1A68108700A75B9A /* CybavoWalletExample */,
				832341AE1AAA6A7D00B99B32 /* Libraries */,
				00E356EF1AD99517003FC87E /* CybavoWalletExampleTests */,
				83CBBA001A601CBA00E9B192 /* Products */,
				2D16E6871FA4F8E400B85C8A /* Frameworks */,
				80BBED2DD7A3482994379AF8 /* Resources */,
				B55BD84D82825D1E84001D38 /* Pods */,
				BF7F25D62251DD42003A9DAE /* Recovered References */,
			);
			indentWidth = 2;
			sourceTree = "<group>";
			tabWidth = 2;
			usesTabs = 0;
		};
		83CBBA001A601CBA00E9B192 /* Products */ = {
			isa = PBXGroup;
			children = (
				13B07F961A680F5B00A75B9A /* CybavoWalletExample.app */,
			);
			name = Products;
			sourceTree = "<group>";
		};
		A6C354C72373EB0700071E81 /* Products */ = {
			isa = PBXGroup;
			children = (
				A6C354CB2373EB0700071E81 /* libRNCPushNotificationIOS.a */,
			);
			name = Products;
			sourceTree = "<group>";
		};
		B55BD84D82825D1E84001D38 /* Pods */ = {
			isa = PBXGroup;
			children = (
				F571EA7AE711FFF1B55F9268 /* Pods-CybavoWalletExample.debug.xcconfig */,
				269FE6F26109F655854C269F /* Pods-CybavoWalletExample.release.xcconfig */,
			);
			name = Pods;
			sourceTree = "<group>";
		};
		BF7F25D62251DD42003A9DAE /* Recovered References */ = {
			isa = PBXGroup;
			children = (
				212C63780B54469A8277343A /* libRNGoogleSignin.a */,
				EA26C47C83934383800EFB19 /* libRCTWeChat.a */,
				5CF5E4D8150A4D6D987084CD /* RCTWeChatTests.xctest */,
				60CF3BB30D69493AAD71EAF1 /* libCybavoWalletService.a */,
			);
			name = "Recovered References";
			sourceTree = "<group>";
		};
/* End PBXGroup section */

/* Begin PBXNativeTarget section */
		13B07F861A680F5B00A75B9A /* CybavoWalletExample */ = {
			isa = PBXNativeTarget;
			buildConfigurationList = 13B07F931A680F5B00A75B9A /* Build configuration list for PBXNativeTarget "CybavoWalletExample" */;
			buildPhases = (
				0149D31F921C6D25F9A083DD /* [CP] Check Pods Manifest.lock */,
				13B07F871A680F5B00A75B9A /* Sources */,
				13B07F8C1A680F5B00A75B9A /* Frameworks */,
				13B07F8E1A680F5B00A75B9A /* Resources */,
				00DD1BFF1BD5951E006B06BC /* Bundle React Native code and images */,
				15AC66CF7C3D3E520D3C4848 /* [CP] Embed Pods Frameworks */,
				29C245D0A4053D558C6F446C /* [CP] Copy Pods Resources */,
				BF3D2BD8236488F70028D003 /* ShellScript */,
			);
			buildRules = (
			);
			dependencies = (
			);
			name = CybavoWalletExample;
			productName = "Hello World";
			productReference = 13B07F961A680F5B00A75B9A /* CybavoWalletExample.app */;
			productType = "com.apple.product-type.application";
		};
/* End PBXNativeTarget section */

/* Begin PBXProject section */
		83CBB9F71A601CBA00E9B192 /* Project object */ = {
			isa = PBXProject;
			attributes = {
				LastUpgradeCheck = 940;
				ORGANIZATIONNAME = Facebook;
				TargetAttributes = {
					13B07F861A680F5B00A75B9A = {
						DevelopmentTeam = A46Z766J68;
						LastSwiftMigration = 1030;
						ProvisioningStyle = Manual;
					};
				};
			};
			buildConfigurationList = 83CBB9FA1A601CBA00E9B192 /* Build configuration list for PBXProject "CybavoWalletExample" */;
			compatibilityVersion = "Xcode 3.2";
			developmentRegion = English;
			hasScannedForEncodings = 0;
			knownRegions = (
				English,
				en,
				Base,
			);
			mainGroup = 83CBB9F61A601CBA00E9B192;
			productRefGroup = 83CBBA001A601CBA00E9B192 /* Products */;
			projectDirPath = "";
			projectReferences = (
				{
					ProductGroup = A6C354C72373EB0700071E81 /* Products */;
					ProjectRef = A6C354C62373EB0700071E81 /* PushNotificationIOS.xcodeproj */;
				},
			);
			projectRoot = "";
			targets = (
				13B07F861A680F5B00A75B9A /* CybavoWalletExample */,
			);
		};
/* End PBXProject section */

/* Begin PBXReferenceProxy section */
		A6C354CB2373EB0700071E81 /* libRNCPushNotificationIOS.a */ = {
			isa = PBXReferenceProxy;
			fileType = archive.ar;
			path = libRNCPushNotificationIOS.a;
			remoteRef = A6C354CA2373EB0700071E81 /* PBXContainerItemProxy */;
			sourceTree = BUILT_PRODUCTS_DIR;
		};
/* End PBXReferenceProxy section */

/* Begin PBXResourcesBuildPhase section */
		13B07F8E1A680F5B00A75B9A /* Resources */ = {
			isa = PBXResourcesBuildPhase;
			buildActionMask = 2147483647;
			files = (
				13B07FBF1A68108700A75B9A /* Images.xcassets in Resources */,
				13B07FBD1A68108700A75B9A /* LaunchScreen.xib in Resources */,
				EE5F38A2ECC842D3A3C9FF08 /* AntDesign.ttf in Resources */,
				9CF9E28231DE4E10A14A8E15 /* Entypo.ttf in Resources */,
				CBAA5DC82AD649D29A043EA4 /* EvilIcons.ttf in Resources */,
				BF7F6C1B23657CF5009B1A00 /* PinInputView.nib in Resources */,
				63A19076C77B493BA9EA3314 /* Feather.ttf in Resources */,
				5E84CF5F695A4B65AB108D23 /* FontAwesome.ttf in Resources */,
				BF520CAFB2384BF69FF756CF /* FontAwesome5_Brands.ttf in Resources */,
				C33B358384F64CB897C99460 /* FontAwesome5_Regular.ttf in Resources */,
				DBA91F99FA4E4F2596DFB8B5 /* FontAwesome5_Solid.ttf in Resources */,
				B6505CFA92AF4951B4016198 /* Foundation.ttf in Resources */,
				E3FC501826814E05A731E60C /* Ionicons.ttf in Resources */,
				185A526680C7416F851E7AAE /* MaterialCommunityIcons.ttf in Resources */,
				9301464F554444819739ABA7 /* MaterialIcons.ttf in Resources */,
				66B8AC979069438DB13DF5FF /* Octicons.ttf in Resources */,
				ED1D301263CB4681A5C52389 /* Roboto_medium.ttf in Resources */,
				866E836C32344A6682263522 /* Roboto.ttf in Resources */,
				52460477816D4F93BF1939D3 /* rubicon-icon-font.ttf in Resources */,
				A8BB84D3808A4FCA9AB669B0 /* SimpleLineIcons.ttf in Resources */,
				EB600E18A2CF4E74A1C0DAA0 /* Zocial.ttf in Resources */,
				BF7F25DD2251E49A003A9DAE /* GoogleService-Info.plist in Resources */,
			);
			runOnlyForDeploymentPostprocessing = 0;
		};
/* End PBXResourcesBuildPhase section */

/* Begin PBXShellScriptBuildPhase section */
		00DD1BFF1BD5951E006B06BC /* Bundle React Native code and images */ = {
			isa = PBXShellScriptBuildPhase;
			buildActionMask = 2147483647;
			files = (
			);
			inputPaths = (
			);
			name = "Bundle React Native code and images";
			outputPaths = (
			);
			runOnlyForDeploymentPostprocessing = 0;
			shellPath = /bin/sh;
			shellScript = "export NODE_BINARY=node\n../node_modules/react-native/scripts/react-native-xcode.sh\n";
		};
		0149D31F921C6D25F9A083DD /* [CP] Check Pods Manifest.lock */ = {
			isa = PBXShellScriptBuildPhase;
			buildActionMask = 2147483647;
			files = (
			);
			inputFileListPaths = (
			);
			inputPaths = (
				"${PODS_PODFILE_DIR_PATH}/Podfile.lock",
				"${PODS_ROOT}/Manifest.lock",
			);
			name = "[CP] Check Pods Manifest.lock";
			outputFileListPaths = (
			);
			outputPaths = (
				"$(DERIVED_FILE_DIR)/Pods-CybavoWalletExample-checkManifestLockResult.txt",
			);
			runOnlyForDeploymentPostprocessing = 0;
			shellPath = /bin/sh;
			shellScript = "diff \"${PODS_PODFILE_DIR_PATH}/Podfile.lock\" \"${PODS_ROOT}/Manifest.lock\" > /dev/null\nif [ $? != 0 ] ; then\n    # print error to STDERR\n    echo \"error: The sandbox is not in sync with the Podfile.lock. Run 'pod install' or update your CocoaPods installation.\" >&2\n    exit 1\nfi\n# This output is used by Xcode 'outputs' to avoid re-running this script phase.\necho \"SUCCESS\" > \"${SCRIPT_OUTPUT_FILE_0}\"\n";
			showEnvVarsInLog = 0;
		};
		15AC66CF7C3D3E520D3C4848 /* [CP] Embed Pods Frameworks */ = {
			isa = PBXShellScriptBuildPhase;
			buildActionMask = 2147483647;
			files = (
			);
			inputPaths = (
				"${PODS_ROOT}/Target Support Files/Pods-CybavoWalletExample/Pods-CybavoWalletExample-frameworks.sh",
				"${BUILT_PRODUCTS_DIR}/Alamofire/Alamofire.framework",
				"${BUILT_PRODUCTS_DIR}/AlamofireObjectMapper/AlamofireObjectMapper.framework",
				"${BUILT_PRODUCTS_DIR}/Bolts/Bolts.framework",
				"${BUILT_PRODUCTS_DIR}/CryptoSwift/CryptoSwift.framework",
				"${BUILT_PRODUCTS_DIR}/CybavoWalletService/CybavoWalletService.framework",
				"${BUILT_PRODUCTS_DIR}/DoubleConversion/DoubleConversion.framework",
				"${BUILT_PRODUCTS_DIR}/FBSDKCoreKit/FBSDKCoreKit.framework",
				"${BUILT_PRODUCTS_DIR}/FBSDKLoginKit/FBSDKLoginKit.framework",
				"${BUILT_PRODUCTS_DIR}/FBSDKShareKit/FBSDKShareKit.framework",
				"${BUILT_PRODUCTS_DIR}/Folly/folly.framework",
				"${BUILT_PRODUCTS_DIR}/GTMSessionFetcher/GTMSessionFetcher.framework",
				"${BUILT_PRODUCTS_DIR}/GoogleToolboxForMac/GoogleToolboxForMac.framework",
				"${BUILT_PRODUCTS_DIR}/ObjectMapper/ObjectMapper.framework",
				"${BUILT_PRODUCTS_DIR}/RCTWeChat/RCTWeChat.framework",
				"${BUILT_PRODUCTS_DIR}/RNCAsyncStorage/RNCAsyncStorage.framework",
				"${BUILT_PRODUCTS_DIR}/RNCPushNotificationIOS/RNCPushNotificationIOS.framework",
				"${BUILT_PRODUCTS_DIR}/RNFS/RNFS.framework",
				"${BUILT_PRODUCTS_DIR}/RNGestureHandler/RNGestureHandler.framework",
				"${BUILT_PRODUCTS_DIR}/RNSVG/RNSVG.framework",
				"${BUILT_PRODUCTS_DIR}/React/React.framework",
				"${BUILT_PRODUCTS_DIR}/ReactNativeFabric/ReactNativeFabric.framework",
				"${BUILT_PRODUCTS_DIR}/ReactNativePermissions/ReactNativePermissions.framework",
				"${BUILT_PRODUCTS_DIR}/SwiftOTP/SwiftOTP.framework",
				"${BUILT_PRODUCTS_DIR}/SwiftyUserDefaults/SwiftyUserDefaults.framework",
				"${BUILT_PRODUCTS_DIR}/glog/glog.framework",
				"${BUILT_PRODUCTS_DIR}/react-native-fbsdk/react_native_fbsdk.framework",
				"${BUILT_PRODUCTS_DIR}/yoga/yoga.framework",
			);
			name = "[CP] Embed Pods Frameworks";
			outputPaths = (
				"${TARGET_BUILD_DIR}/${FRAMEWORKS_FOLDER_PATH}/Alamofire.framework",
				"${TARGET_BUILD_DIR}/${FRAMEWORKS_FOLDER_PATH}/AlamofireObjectMapper.framework",
				"${TARGET_BUILD_DIR}/${FRAMEWORKS_FOLDER_PATH}/Bolts.framework",
				"${TARGET_BUILD_DIR}/${FRAMEWORKS_FOLDER_PATH}/CryptoSwift.framework",
				"${TARGET_BUILD_DIR}/${FRAMEWORKS_FOLDER_PATH}/CybavoWalletService.framework",
				"${TARGET_BUILD_DIR}/${FRAMEWORKS_FOLDER_PATH}/DoubleConversion.framework",
				"${TARGET_BUILD_DIR}/${FRAMEWORKS_FOLDER_PATH}/FBSDKCoreKit.framework",
				"${TARGET_BUILD_DIR}/${FRAMEWORKS_FOLDER_PATH}/FBSDKLoginKit.framework",
				"${TARGET_BUILD_DIR}/${FRAMEWORKS_FOLDER_PATH}/FBSDKShareKit.framework",
				"${TARGET_BUILD_DIR}/${FRAMEWORKS_FOLDER_PATH}/folly.framework",
				"${TARGET_BUILD_DIR}/${FRAMEWORKS_FOLDER_PATH}/GTMSessionFetcher.framework",
				"${TARGET_BUILD_DIR}/${FRAMEWORKS_FOLDER_PATH}/GoogleToolboxForMac.framework",
				"${TARGET_BUILD_DIR}/${FRAMEWORKS_FOLDER_PATH}/ObjectMapper.framework",
				"${TARGET_BUILD_DIR}/${FRAMEWORKS_FOLDER_PATH}/RCTWeChat.framework",
				"${TARGET_BUILD_DIR}/${FRAMEWORKS_FOLDER_PATH}/RNCAsyncStorage.framework",
				"${TARGET_BUILD_DIR}/${FRAMEWORKS_FOLDER_PATH}/RNCPushNotificationIOS.framework",
				"${TARGET_BUILD_DIR}/${FRAMEWORKS_FOLDER_PATH}/RNFS.framework",
				"${TARGET_BUILD_DIR}/${FRAMEWORKS_FOLDER_PATH}/RNGestureHandler.framework",
				"${TARGET_BUILD_DIR}/${FRAMEWORKS_FOLDER_PATH}/RNSVG.framework",
				"${TARGET_BUILD_DIR}/${FRAMEWORKS_FOLDER_PATH}/React.framework",
				"${TARGET_BUILD_DIR}/${FRAMEWORKS_FOLDER_PATH}/ReactNativeFabric.framework",
				"${TARGET_BUILD_DIR}/${FRAMEWORKS_FOLDER_PATH}/ReactNativePermissions.framework",
				"${TARGET_BUILD_DIR}/${FRAMEWORKS_FOLDER_PATH}/SwiftOTP.framework",
				"${TARGET_BUILD_DIR}/${FRAMEWORKS_FOLDER_PATH}/SwiftyUserDefaults.framework",
				"${TARGET_BUILD_DIR}/${FRAMEWORKS_FOLDER_PATH}/glog.framework",
				"${TARGET_BUILD_DIR}/${FRAMEWORKS_FOLDER_PATH}/react_native_fbsdk.framework",
				"${TARGET_BUILD_DIR}/${FRAMEWORKS_FOLDER_PATH}/yoga.framework",
			);
			runOnlyForDeploymentPostprocessing = 0;
			shellPath = /bin/sh;
			shellScript = "\"${PODS_ROOT}/Target Support Files/Pods-CybavoWalletExample/Pods-CybavoWalletExample-frameworks.sh\"\n";
			showEnvVarsInLog = 0;
		};
		29C245D0A4053D558C6F446C /* [CP] Copy Pods Resources */ = {
			isa = PBXShellScriptBuildPhase;
			buildActionMask = 2147483647;
			files = (
			);
			inputPaths = (
				"${PODS_ROOT}/Target Support Files/Pods-CybavoWalletExample/Pods-CybavoWalletExample-resources.sh",
				"${PODS_ROOT}/CYBAVOWallet/CYBAVOWallet.framework/WalletSDK.plist",
				"${PODS_ROOT}/GoogleSignIn/Resources/GoogleSignIn.bundle",
				"${PODS_CONFIGURATION_BUILD_DIR}/LineSDK/LineSDKResource.bundle",
			);
			name = "[CP] Copy Pods Resources";
			outputPaths = (
				"${TARGET_BUILD_DIR}/${UNLOCALIZED_RESOURCES_FOLDER_PATH}/WalletSDK.plist",
				"${TARGET_BUILD_DIR}/${UNLOCALIZED_RESOURCES_FOLDER_PATH}/GoogleSignIn.bundle",
				"${TARGET_BUILD_DIR}/${UNLOCALIZED_RESOURCES_FOLDER_PATH}/LineSDKResource.bundle",
			);
			runOnlyForDeploymentPostprocessing = 0;
			shellPath = /bin/sh;
			shellScript = "\"${PODS_ROOT}/Target Support Files/Pods-CybavoWalletExample/Pods-CybavoWalletExample-resources.sh\"\n";
			showEnvVarsInLog = 0;
		};
		BF3D2BD8236488F70028D003 /* ShellScript */ = {
			isa = PBXShellScriptBuildPhase;
			buildActionMask = 2147483647;
			files = (
			);
			inputFileListPaths = (
			);
			inputPaths = (
			);
			outputFileListPaths = (
			);
			outputPaths = (
			);
			runOnlyForDeploymentPostprocessing = 0;
			shellPath = /bin/sh;
			shellScript = "# Type a script or drag a script file from your workspace to insert its path.\n\"${PODS_ROOT}/Fabric/run\" 4d287f4eb1b177ca6c355240aa77088b1884b58c 13aa31e11b6b11e2df79bf9f23d6cf2efb1a68027cbafb2ca0a6e5fe7f5d2544\n";
		};
/* End PBXShellScriptBuildPhase section */

/* Begin PBXSourcesBuildPhase section */
		13B07F871A680F5B00A75B9A /* Sources */ = {
			isa = PBXSourcesBuildPhase;
			buildActionMask = 2147483647;
			files = (
				13B07FBC1A68108700A75B9A /* AppDelegate.m in Sources */,
				BFA45E9F23277A030055EE7B /* CybavoWalletExample.swift in Sources */,
				13B07FC11A68108700A75B9A /* main.m in Sources */,
				BFE7C5392279AFDA0065BE32 /* LineLoginManager.m in Sources */,
			);
			runOnlyForDeploymentPostprocessing = 0;
		};
/* End PBXSourcesBuildPhase section */

/* Begin PBXVariantGroup section */
		13B07FB11A68108700A75B9A /* LaunchScreen.xib */ = {
			isa = PBXVariantGroup;
			children = (
				13B07FB21A68108700A75B9A /* Base */,
			);
			name = LaunchScreen.xib;
			path = CybavoWalletExample;
			sourceTree = "<group>";
		};
/* End PBXVariantGroup section */

/* Begin XCBuildConfiguration section */
		13B07F941A680F5B00A75B9A /* Debug */ = {
			isa = XCBuildConfiguration;
			baseConfigurationReference = F571EA7AE711FFF1B55F9268 /* Pods-CybavoWalletExample.debug.xcconfig */;
			buildSettings = {
				ASSETCATALOG_COMPILER_APPICON_NAME = AppIcon;
				CLANG_ALLOW_NON_MODULAR_INCLUDES_IN_FRAMEWORK_MODULES = YES;
				CLANG_ENABLE_MODULES = YES;
				CODE_SIGN_STYLE = Manual;
				CURRENT_PROJECT_VERSION = 1;
				DEAD_CODE_STRIPPING = NO;
				DEVELOPMENT_TEAM = A46Z766J68;
				ENABLE_BITCODE = YES;
				HEADER_SEARCH_PATHS = (
					"$(inherited)",
					"$(SRCROOT)/../node_modules/react-native-gesture-handler/ios/**",
					"$(SRCROOT)/../node_modules/react-native-google-signin/ios/RNGoogleSignin",
					"$(SRCROOT)/../node_modules/react-native-svg/ios/**",
					"$(SRCROOT)/../node_modules/react-native-fs/**",
					"$(SRCROOT)/../node_modules/react-native-camera/ios/**",
					"$(SRCROOT)/../node_modules/react-native-permissions/ios/**",
					"$(SRCROOT)/../node_modules/@cybavo/react-native-wallet-service/ios",
					"$(SRCROOT)/../node_modules/@cybavo/react-native-wallet-service/**",
					"$(SRCROOT)/../node_modules/@cybavo/react-native-wallet-service/**",
					"$(SRCROOT)/../node_modules/react-native-google-signin/ios/RNGoogleSignin",
					"$(SRCROOT)/../node_modules/react-native-wechat/ios",
					"$(SRCROOT)/../node_modules/react-native-wechat/ios",
					"$(SRCROOT)/../node_modules/react-native-wechat/ios",
					"$(SRCROOT)/../node_modules/react-native-wechat/ios",
					"$(SRCROOT)/../node_modules/@cybavo/react-native-wallet-service/ios",
					"$(SRCROOT)/../node_modules/react-native-wechat/ios",
				);
				INFOPLIST_FILE = CybavoWalletExample/Info.plist;
				IPHONEOS_DEPLOYMENT_TARGET = 11.0;
				LD_RUNPATH_SEARCH_PATHS = "$(inherited) @executable_path/Frameworks";
				LIBRARY_SEARCH_PATHS = (
					"$(inherited)",
					"\"$(SRCROOT)/CybavoWalletExample\"",
					"\"$(SRCROOT)/CybavoWalletExample\"",
					"\"$(SRCROOT)/CybavoWalletExample\"",
					"\"$(SRCROOT)/CybavoWalletExample\"",
					"\"$(SRCROOT)/CybavoWalletExample\"",
				);
				OTHER_LDFLAGS = (
					"$(inherited)",
					"-ObjC",
					"-lc++",
				);
				PRODUCT_BUNDLE_IDENTIFIER = com.cybavo.example.rn.wallet;
				PRODUCT_NAME = CybavoWalletExample;
				PROVISIONING_PROFILE_SPECIFIER = CybavoDevelopement;
				SWIFT_OBJC_BRIDGING_HEADER = "CybavoWalletExample-Bridging-Header.h";
				SWIFT_OPTIMIZATION_LEVEL = "-Onone";
				SWIFT_VERSION = 5.0;
				VERSIONING_SYSTEM = "apple-generic";
			};
			name = Debug;
		};
		13B07F951A680F5B00A75B9A /* Release */ = {
			isa = XCBuildConfiguration;
			baseConfigurationReference = 269FE6F26109F655854C269F /* Pods-CybavoWalletExample.release.xcconfig */;
			buildSettings = {
				ASSETCATALOG_COMPILER_APPICON_NAME = AppIcon;
				CLANG_ALLOW_NON_MODULAR_INCLUDES_IN_FRAMEWORK_MODULES = YES;
				CLANG_ENABLE_MODULES = YES;
				CODE_SIGN_ENTITLEMENTS = CybavoWalletExample/CybavoWalletExampleRelease.entitlements;
				CODE_SIGN_IDENTITY = "iPhone Distribution";
				CODE_SIGN_STYLE = Manual;
				CURRENT_PROJECT_VERSION = 1;
				DEVELOPMENT_TEAM = A46Z766J68;
				ENABLE_BITCODE = YES;
				HEADER_SEARCH_PATHS = (
					"$(inherited)",
					"$(SRCROOT)/../node_modules/react-native-gesture-handler/ios/**",
					"$(SRCROOT)/../node_modules/react-native-google-signin/ios/RNGoogleSignin",
					"$(SRCROOT)/../node_modules/react-native-svg/ios/**",
					"$(SRCROOT)/../node_modules/react-native-fs/**",
					"$(SRCROOT)/../node_modules/react-native-camera/ios/**",
					"$(SRCROOT)/../node_modules/react-native-permissions/ios/**",
					"$(SRCROOT)/../node_modules/@cybavo/react-native-wallet-service/ios",
					"$(SRCROOT)/../node_modules/@cybavo/react-native-wallet-service/**",
					"$(SRCROOT)/../node_modules/@cybavo/react-native-wallet-service/**",
					"$(SRCROOT)/../node_modules/react-native-google-signin/ios/RNGoogleSignin",
					"$(SRCROOT)/../node_modules/react-native-wechat/ios",
					"$(SRCROOT)/../node_modules/react-native-wechat/ios",
					"$(SRCROOT)/../node_modules/react-native-wechat/ios",
					"$(SRCROOT)/../node_modules/react-native-wechat/ios",
					"$(SRCROOT)/../node_modules/@cybavo/react-native-wallet-service/ios",
					"$(SRCROOT)/../node_modules/react-native-wechat/ios",
				);
				INFOPLIST_FILE = CybavoWalletExample/Info.plist;
				IPHONEOS_DEPLOYMENT_TARGET = 11.0;
				LD_RUNPATH_SEARCH_PATHS = "$(inherited) @executable_path/Frameworks";
				LIBRARY_SEARCH_PATHS = (
					"$(inherited)",
					"\"$(SRCROOT)/CybavoWalletExample\"",
					"\"$(SRCROOT)/CybavoWalletExample\"",
					"\"$(SRCROOT)/CybavoWalletExample\"",
					"\"$(SRCROOT)/CybavoWalletExample\"",
					"\"$(SRCROOT)/CybavoWalletExample\"",
				);
				OTHER_LDFLAGS = (
					"$(inherited)",
					"-ObjC",
					"-lc++",
				);
				PRODUCT_BUNDLE_IDENTIFIER = com.cybavo.example.rn.wallet;
				PRODUCT_NAME = CybavoWalletExample;
				PROVISIONING_PROFILE_SPECIFIER = CYBAVO_WALLET_SDK_DEMO;
				SWIFT_OBJC_BRIDGING_HEADER = "CybavoWalletExample-Bridging-Header.h";
				SWIFT_VERSION = 5.0;
				VERSIONING_SYSTEM = "apple-generic";
			};
			name = Release;
		};
		83CBBA201A601CBA00E9B192 /* Debug */ = {
			isa = XCBuildConfiguration;
			buildSettings = {
				ALWAYS_SEARCH_USER_PATHS = NO;
				CLANG_CXX_LANGUAGE_STANDARD = "gnu++0x";
				CLANG_CXX_LIBRARY = "libc++";
				CLANG_ENABLE_MODULES = YES;
				CLANG_ENABLE_OBJC_ARC = YES;
				CLANG_WARN_BLOCK_CAPTURE_AUTORELEASING = YES;
				CLANG_WARN_BOOL_CONVERSION = YES;
				CLANG_WARN_COMMA = YES;
				CLANG_WARN_CONSTANT_CONVERSION = YES;
				CLANG_WARN_DEPRECATED_OBJC_IMPLEMENTATIONS = YES;
				CLANG_WARN_DIRECT_OBJC_ISA_USAGE = YES_ERROR;
				CLANG_WARN_EMPTY_BODY = YES;
				CLANG_WARN_ENUM_CONVERSION = YES;
				CLANG_WARN_INFINITE_RECURSION = YES;
				CLANG_WARN_INT_CONVERSION = YES;
				CLANG_WARN_NON_LITERAL_NULL_CONVERSION = YES;
				CLANG_WARN_OBJC_IMPLICIT_RETAIN_SELF = YES;
				CLANG_WARN_OBJC_LITERAL_CONVERSION = YES;
				CLANG_WARN_OBJC_ROOT_CLASS = YES_ERROR;
				CLANG_WARN_RANGE_LOOP_ANALYSIS = YES;
				CLANG_WARN_STRICT_PROTOTYPES = YES;
				CLANG_WARN_SUSPICIOUS_MOVE = YES;
				CLANG_WARN_UNREACHABLE_CODE = YES;
				CLANG_WARN__DUPLICATE_METHOD_MATCH = YES;
				"CODE_SIGN_IDENTITY[sdk=iphoneos*]" = "iPhone Developer";
				COPY_PHASE_STRIP = NO;
				ENABLE_STRICT_OBJC_MSGSEND = YES;
				ENABLE_TESTABILITY = YES;
				GCC_C_LANGUAGE_STANDARD = gnu99;
				GCC_DYNAMIC_NO_PIC = NO;
				GCC_NO_COMMON_BLOCKS = YES;
				GCC_OPTIMIZATION_LEVEL = 0;
				GCC_PREPROCESSOR_DEFINITIONS = (
					"DEBUG=1",
					"$(inherited)",
				);
				GCC_SYMBOLS_PRIVATE_EXTERN = NO;
				GCC_WARN_64_TO_32_BIT_CONVERSION = YES;
				GCC_WARN_ABOUT_RETURN_TYPE = YES_ERROR;
				GCC_WARN_UNDECLARED_SELECTOR = YES;
				GCC_WARN_UNINITIALIZED_AUTOS = YES_AGGRESSIVE;
				GCC_WARN_UNUSED_FUNCTION = YES;
				GCC_WARN_UNUSED_VARIABLE = YES;
				IPHONEOS_DEPLOYMENT_TARGET = 11.0;
				MTL_ENABLE_DEBUG_INFO = YES;
				ONLY_ACTIVE_ARCH = YES;
				SDKROOT = iphoneos;
			};
			name = Debug;
		};
		83CBBA211A601CBA00E9B192 /* Release */ = {
			isa = XCBuildConfiguration;
			buildSettings = {
				ALWAYS_SEARCH_USER_PATHS = NO;
				CLANG_CXX_LANGUAGE_STANDARD = "gnu++0x";
				CLANG_CXX_LIBRARY = "libc++";
				CLANG_ENABLE_MODULES = YES;
				CLANG_ENABLE_OBJC_ARC = YES;
				CLANG_WARN_BLOCK_CAPTURE_AUTORELEASING = YES;
				CLANG_WARN_BOOL_CONVERSION = YES;
				CLANG_WARN_COMMA = YES;
				CLANG_WARN_CONSTANT_CONVERSION = YES;
				CLANG_WARN_DEPRECATED_OBJC_IMPLEMENTATIONS = YES;
				CLANG_WARN_DIRECT_OBJC_ISA_USAGE = YES_ERROR;
				CLANG_WARN_EMPTY_BODY = YES;
				CLANG_WARN_ENUM_CONVERSION = YES;
				CLANG_WARN_INFINITE_RECURSION = YES;
				CLANG_WARN_INT_CONVERSION = YES;
				CLANG_WARN_NON_LITERAL_NULL_CONVERSION = YES;
				CLANG_WARN_OBJC_IMPLICIT_RETAIN_SELF = YES;
				CLANG_WARN_OBJC_LITERAL_CONVERSION = YES;
				CLANG_WARN_OBJC_ROOT_CLASS = YES_ERROR;
				CLANG_WARN_RANGE_LOOP_ANALYSIS = YES;
				CLANG_WARN_STRICT_PROTOTYPES = YES;
				CLANG_WARN_SUSPICIOUS_MOVE = YES;
				CLANG_WARN_UNREACHABLE_CODE = YES;
				CLANG_WARN__DUPLICATE_METHOD_MATCH = YES;
				"CODE_SIGN_IDENTITY[sdk=iphoneos*]" = "iPhone Developer";
				COPY_PHASE_STRIP = YES;
				ENABLE_NS_ASSERTIONS = NO;
				ENABLE_STRICT_OBJC_MSGSEND = YES;
				GCC_C_LANGUAGE_STANDARD = gnu99;
				GCC_NO_COMMON_BLOCKS = YES;
				GCC_WARN_64_TO_32_BIT_CONVERSION = YES;
				GCC_WARN_ABOUT_RETURN_TYPE = YES_ERROR;
				GCC_WARN_UNDECLARED_SELECTOR = YES;
				GCC_WARN_UNINITIALIZED_AUTOS = YES_AGGRESSIVE;
				GCC_WARN_UNUSED_FUNCTION = YES;
				GCC_WARN_UNUSED_VARIABLE = YES;
				IPHONEOS_DEPLOYMENT_TARGET = 11.0;
				MTL_ENABLE_DEBUG_INFO = NO;
				SDKROOT = iphoneos;
				VALIDATE_PRODUCT = YES;
			};
			name = Release;
		};
/* End XCBuildConfiguration section */

/* Begin XCConfigurationList section */
		13B07F931A680F5B00A75B9A /* Build configuration list for PBXNativeTarget "CybavoWalletExample" */ = {
			isa = XCConfigurationList;
			buildConfigurations = (
				13B07F941A680F5B00A75B9A /* Debug */,
				13B07F951A680F5B00A75B9A /* Release */,
			);
			defaultConfigurationIsVisible = 0;
			defaultConfigurationName = Release;
		};
		83CBB9FA1A601CBA00E9B192 /* Build configuration list for PBXProject "CybavoWalletExample" */ = {
			isa = XCConfigurationList;
			buildConfigurations = (
				83CBBA201A601CBA00E9B192 /* Debug */,
				83CBBA211A601CBA00E9B192 /* Release */,
			);
			defaultConfigurationIsVisible = 0;
			defaultConfigurationName = Release;
		};
/* End XCConfigurationList section */
	};
	rootObject = 83CBB9F71A601CBA00E9B192 /* Project object */;
}
